
Microsoft Visual Studio Solution File, Format Version 12.00
# Visual Studio Version 17
VisualStudioVersion = 17.0.32126.317
MinimumVisualStudioVersion = 10.0.40219.1
Project("{2150E333-8FDC-42A3-9474-1A3956D46DE8}") = "Services", "Services", "{DA55BBB7-5A59-4C39-86B5-B2B23E2CCE1F}"
EndProject
Project("{2150E333-8FDC-42A3-9474-1A3956D46DE8}") = "Product", "Product", "{34B21438-B804-46B3-9605-B910ACF2D7C7}"
EndProject
Project("{2150E333-8FDC-42A3-9474-1A3956D46DE8}") = "Order", "Order", "{367617CD-1AD7-429C-BD5F-7EC37BEC176F}"
EndProject
Project("{2150E333-8FDC-42A3-9474-1A3956D46DE8}") = "UI", "UI", "{C32107CA-BC2C-4C67-B109-65C5C0985590}"
EndProject
Project("{2150E333-8FDC-42A3-9474-1A3956D46DE8}") = "Discount", "Discount", "{17E1B76A-6DB4-4FEC-B883-7FA8820D2BA3}"
EndProject
Project("{2150E333-8FDC-42A3-9474-1A3956D46DE8}") = "Inventory", "Inventory", "{5A306E62-02A4-42FA-B78B-C7FD7A58B44F}"
EndProject
Project("{9A19103F-16F7-4668-BE54-9A1E7A4F7556}") = "Discount.API", "Services\Discount\Discount.API\Discount.API.csproj", "{EDC904A6-850C-425A-A608-9B855211AF1F}"
EndProject
Project("{9A19103F-16F7-4668-BE54-9A1E7A4F7556}") = "Discount.Domain", "Services\Discount\Discount.Domain\Discount.Domain.csproj", "{F2CE38CC-35B6-407F-8C24-5A227AE2CE05}"
EndProject
Project("{9A19103F-16F7-4668-BE54-9A1E7A4F7556}") = "Discount.Application", "Services\Discount\Discount.Application\Discount.Application.csproj", "{6506C4DC-F864-4808-B7FC-8355EFA9059A}"
EndProject
Project("{9A19103F-16F7-4668-BE54-9A1E7A4F7556}") = "Discount.Infrastructure", "Services\Discount\Discount.Infrastructure\Discount.Infrastructure.csproj", "{A703AE17-568C-4486-87F6-2F0130377698}"
EndProject
Project("{9A19103F-16F7-4668-BE54-9A1E7A4F7556}") = "Product.API", "Services\Product\Product.API\Product.API.csproj", "{31AFA60B-821D-4F62-ABC5-A38DF8CB4292}"
EndProject
Project("{9A19103F-16F7-4668-BE54-9A1E7A4F7556}") = "Product.Application", "Services\Product\Product.Application\Product.Application.csproj", "{D892E427-824C-4AE3-9901-9BC1B4C6D2B6}"
EndProject
Project("{9A19103F-16F7-4668-BE54-9A1E7A4F7556}") = "Product.Domain", "Services\Product\Product.Domain\Product.Domain.csproj", "{9A15C178-3F55-41B0-8BA8-1594A4EB3BDF}"
EndProject
Project("{9A19103F-16F7-4668-BE54-9A1E7A4F7556}") = "Product.Infrastructure", "Services\Product\Product.Infrastructure\Product.Infrastructure.csproj", "{A5A4FC76-654F-428A-97C1-E516D56BBECA}"
EndProject
Project("{9A19103F-16F7-4668-BE54-9A1E7A4F7556}") = "Inventory.Application", "Services\Inventory\Inventory.Application\Inventory.Application.csproj", "{3AB38D02-CE55-482C-AACF-21AE85BD25EC}"
EndProject
Project("{9A19103F-16F7-4668-BE54-9A1E7A4F7556}") = "Inventory.Domain", "Services\Inventory\Inventory.Domain\Inventory.Domain.csproj", "{0E5FB746-6031-42CE-992E-39D57DF2C064}"
EndProject
Project("{9A19103F-16F7-4668-BE54-9A1E7A4F7556}") = "Inventory.Infrastructure", "Services\Inventory\Inventory.Infrastructure\Inventory.Infrastructure.csproj", "{11DA6933-4A83-4DD3-AF22-13A9351EFEB1}"
EndProject
Project("{9A19103F-16F7-4668-BE54-9A1E7A4F7556}") = "Inventory.API", "Services\Inventory\Inventory.API\Inventory.API.csproj", "{E1C8074A-5CA6-4D4B-B752-C90BE08100F3}"
EndProject
Project("{2150E333-8FDC-42A3-9474-1A3956D46DE8}") = "Tests", "Tests", "{DC2B2E7C-B540-4EED-B09E-18B78B5F51A3}"
EndProject
Project("{9A19103F-16F7-4668-BE54-9A1E7A4F7556}") = "Product.API.Tests", "Services\Product\Tests\Product.API.Tests\Product.API.Tests.csproj", "{7C5F90C8-B1C1-4DFB-9551-7F84DEDDF056}"
EndProject
Project("{9A19103F-16F7-4668-BE54-9A1E7A4F7556}") = "Product.Infrastructure.Tests", "Services\Product\Tests\Product.Infrastructure.Tests\Product.Infrastructure.Tests.csproj", "{DACAED64-28DA-4D15-B6FD-3487D28A247E}"
EndProject
Project("{2150E333-8FDC-42A3-9474-1A3956D46DE8}") = "Tests", "Tests", "{AAD1C748-89C6-435C-A8D1-CA120DD878F0}"
EndProject
Project("{9A19103F-16F7-4668-BE54-9A1E7A4F7556}") = "Discount.API.Tests", "Services\Discount\Tests\Discount.API.Tests\Discount.API.Tests.csproj", "{D0B80BCF-34A8-4DA8-9969-4F4AD8380895}"
EndProject
Project("{9A19103F-16F7-4668-BE54-9A1E7A4F7556}") = "Services.Shared", "Services\Services.Shared\Services.Shared.csproj", "{C6F50850-093B-4DEC-9F94-44913D35D888}"
EndProject
Project("{2150E333-8FDC-42A3-9474-1A3956D46DE8}") = "Tests", "Tests", "{24A6FFEF-A4C9-430B-A6E5-8A47B16976BD}"
EndProject
Project("{9A19103F-16F7-4668-BE54-9A1E7A4F7556}") = "Inventory.API.Tests", "Services\Inventory\Tests\Inventory.API.Tests\Inventory.API.Tests.csproj", "{3DAECC18-9449-4805-A8C5-23182B50E014}"
EndProject
Project("{9A19103F-16F7-4668-BE54-9A1E7A4F7556}") = "UI.API", "Services\UI\UI.API\UI.API.csproj", "{231D8166-7873-4AA6-BCAE-287161DF601B}"
EndProject
Project("{9A19103F-16F7-4668-BE54-9A1E7A4F7556}") = "UI.Application", "Services\UI\UI.Application\UI.Application.csproj", "{D29DE75E-DED4-4D51-9091-F15C039B9691}"
EndProject
Project("{9A19103F-16F7-4668-BE54-9A1E7A4F7556}") = "UI.Domain", "Services\UI\UI.Domain\UI.Domain.csproj", "{3F5A4B65-F710-435B-B8B2-A51502E8368F}"
EndProject
Project("{9A19103F-16F7-4668-BE54-9A1E7A4F7556}") = "UI.Infrastructure", "Services\UI\UI.Infrastructure\UI.Infrastructure.csproj", "{24964332-5C67-43D5-9C8C-9A595ED9E235}"
EndProject
Project("{2150E333-8FDC-42A3-9474-1A3956D46DE8}") = "Tests", "Tests", "{1C197461-4AE9-4BD4-862D-DA7BE4C715BB}"
EndProject
Project("{9A19103F-16F7-4668-BE54-9A1E7A4F7556}") = "UI.API.Tests", "Services\UI\Tests\UI.API.Tests\UI.API.Tests.csproj", "{95D8B4FF-5148-4C88-B5B7-25B7C9D17C59}"
EndProject
Project("{9A19103F-16F7-4668-BE54-9A1E7A4F7556}") = "Order.Domain", "Services\Order\Order.Domain\Order.Domain.csproj", "{3E2AFEE7-AFFE-42A4-B0CF-482F71F54F02}"
EndProject
Project("{9A19103F-16F7-4668-BE54-9A1E7A4F7556}") = "Order.Application", "Services\Order\Order.Application\Order.Application.csproj", "{835BE9C4-65D1-46E5-B3B1-89C86163EF5F}"
EndProject
Project("{9A19103F-16F7-4668-BE54-9A1E7A4F7556}") = "Order.Infrastructure", "Services\Order\Order.Infrastructure\Order.Infrastructure.csproj", "{BD609223-DE8B-4440-887A-1CD181AB76DD}"
EndProject
Project("{9A19103F-16F7-4668-BE54-9A1E7A4F7556}") = "Order.API", "Services\Order\Order.API\Order.API.csproj", "{729F5CCD-A483-4F3A-A5F0-9C0C698CBD71}"
EndProject
Project("{2150E333-8FDC-42A3-9474-1A3956D46DE8}") = "Tests", "Tests", "{DCA2F60D-0B25-4BBE-9A58-2D2BF633CC3E}"
EndProject
Project("{2150E333-8FDC-42A3-9474-1A3956D46DE8}") = "Identity", "Identity", "{9FB3DB9F-05D9-4B3C-AC53-F934D09EC856}"
EndProject
Project("{9A19103F-16F7-4668-BE54-9A1E7A4F7556}") = "Identity.API", "Services\Identity\Identity.API\Identity.API.csproj", "{C89ECE79-DE78-4C2C-A484-ED00E0022E0A}"
EndProject
Project("{2150E333-8FDC-42A3-9474-1A3956D46DE8}") = "Tests", "Tests", "{19E3BEF6-19EB-4B68-8B5B-E077FA6A8525}"
EndProject
Project("{9A19103F-16F7-4668-BE54-9A1E7A4F7556}") = "Identity.API.Tests", "Services\Identity\Tests\Identity.API.Tests\Identity.API.Tests.csproj", "{7FE44179-2311-4318-9E55-085F60103294}"
EndProject
Project("{9A19103F-16F7-4668-BE54-9A1E7A4F7556}") = "UI.Infrastructure.Tests", "Services\UI\Tests\UI.Infrastructure.Tests\UI.Infrastructure.Tests.csproj", "{CA6FE23C-0DA8-458D-9E98-A9CFCB1C354B}"
EndProject
Project("{9A19103F-16F7-4668-BE54-9A1E7A4F7556}") = "Inventory.Infrastructure.Tests", "Services\Inventory\Tests\Inventory.Infrastructure.Tests\Inventory.Infrastructure.Tests.csproj", "{7E096568-5CCF-4F3E-AC77-48966B5D9577}"
EndProject
Project("{9A19103F-16F7-4668-BE54-9A1E7A4F7556}") = "Discount.Infrastructure.Tests", "Services\Discount\Tests\Discount.Infrastructure.Tests\Discount.Infrastructure.Tests.csproj", "{3F7D35F7-5CAF-4BB4-9AA4-818A1A954DFF}"
EndProject
Project("{9A19103F-16F7-4668-BE54-9A1E7A4F7556}") = "Order.Infrastructure.Tests", "Services\Order\Tests\Order.Infrastructure.Tests\Order.Infrastructure.Tests.csproj", "{A88A2116-5EFF-47C5-9CA8-5C4018EB4B06}"
EndProject
Project("{9A19103F-16F7-4668-BE54-9A1E7A4F7556}") = "Order.API.Tests", "Services\Order\Tests\Order.API.Tests\Order.API.Tests.csproj", "{CFB3393A-2F39-4993-9A50-05320660C4AA}"
EndProject
Project("{2150E333-8FDC-42A3-9474-1A3956D46DE8}") = "Payment", "Payment", "{72F7EC50-88E6-439C-AFD3-5EDAEA508EF1}"
EndProject
Project("{2150E333-8FDC-42A3-9474-1A3956D46DE8}") = "Basket", "Basket", "{C2B307FE-8C95-4736-8FA6-022FFA8A000B}"
EndProject
Project("{9A19103F-16F7-4668-BE54-9A1E7A4F7556}") = "Payment.API", "Services\Payment\Payment.API\Payment.API.csproj", "{A0FDC5C0-CD52-441A-B459-985911BD5203}"
EndProject
Project("{9A19103F-16F7-4668-BE54-9A1E7A4F7556}") = "Basket.API", "Services\Basket\Basket.API\Basket.API.csproj", "{26365222-1F73-4674-AEB6-036E08E148EA}"
EndProject
Project("{9A19103F-16F7-4668-BE54-9A1E7A4F7556}") = "Basket.Application", "Services\Basket\Basket.Application\Basket.Application.csproj", "{27FD81DA-F067-454D-BAB7-34A542508AE0}"
EndProject
Project("{9A19103F-16F7-4668-BE54-9A1E7A4F7556}") = "Basket.Domain", "Services\Basket\Basket.Domain\Basket.Domain.csproj", "{375901B1-9C84-458B-9430-550EA5FDF86A}"
EndProject
Project("{9A19103F-16F7-4668-BE54-9A1E7A4F7556}") = "Basket.Infrastructure", "Services\Basket\Basket.Infrastructure\Basket.Infrastructure.csproj", "{C117A9D0-CFF2-4624-A7E3-B4A4A862F63D}"
EndProject
Project("{2150E333-8FDC-42A3-9474-1A3956D46DE8}") = "Apps", "Apps", "{AEB5FA90-C63A-4712-BEC5-7849DBBC870B}"
EndProject
Project("{2150E333-8FDC-42A3-9474-1A3956D46DE8}") = "Gateways", "Gateways", "{94BA1EF8-CFCE-4D7C-84D5-2D74ECEADD42}"
EndProject
Project("{9A19103F-16F7-4668-BE54-9A1E7A4F7556}") = "APIGateway", "Gateways\APIGateway\APIGateway.csproj", "{223F4081-8485-49E3-AA6B-34ED03BAE180}"
EndProject
Project("{E53339B2-1760-4266-BCC7-CA923CBCF16C}") = "docker-compose", "docker-compose.dcproj", "{60EDA7ED-93D9-4C43-995F-85CCDADB91B5}"
EndProject
Project("{2150E333-8FDC-42A3-9474-1A3956D46DE8}") = "Tests", "Tests", "{0083F973-4DDE-4B42-B025-8823C808C2AE}"
EndProject
Project("{9A19103F-16F7-4668-BE54-9A1E7A4F7556}") = "APIGateway.Tests", "Gateways\Tests\APIGateway.Tests\APIGateway.Tests.csproj", "{D5CB69DE-A5DE-4302-A48E-2F28DB00DF96}"
EndProject
Project("{9A19103F-16F7-4668-BE54-9A1E7A4F7556}") = "Orchestrator.API", "Gateways\Orchestrator.API\Orchestrator.API.csproj", "{D89DEAFC-0DC7-4075-9A55-04A86B1665B4}"
EndProject
Project("{9A19103F-16F7-4668-BE54-9A1E7A4F7556}") = "WebApp.Server", "Apps\Web\Server\WebApp.Server.csproj", "{CC32FFCC-CC3A-4B4E-98E4-577DF904A0F5}"
EndProject
Project("{9A19103F-16F7-4668-BE54-9A1E7A4F7556}") = "WebApp.Client", "Apps\Web\Client\WebApp.Client.csproj", "{B6E99827-DE0E-42A4-95A5-12101C207014}"
EndProject
Project("{9A19103F-16F7-4668-BE54-9A1E7A4F7556}") = "WebApp.Shared", "Apps\Web\Shared\WebApp.Shared.csproj", "{C1F4B793-B8E4-4642-8BE4-7347517B6D52}"
EndProject
Project("{2150E333-8FDC-42A3-9474-1A3956D46DE8}") = "WebApp", "WebApp", "{F7CE3553-82A9-4328-BF2C-5E587D036F21}"
EndProject
Project("{2150E333-8FDC-42A3-9474-1A3956D46DE8}") = "Utilities", "Utilities", "{3997F694-BC78-429E-AD3B-CBAD4974613A}"
EndProject
Project("{9A19103F-16F7-4668-BE54-9A1E7A4F7556}") = "FileActor", "Utilities\FileActor\FileActor\FileActor.csproj", "{084BD7B7-C812-4C0F-8BDD-56DD87419D29}"
EndProject
Project("{9A19103F-16F7-4668-BE54-9A1E7A4F7556}") = "FileActor.AspNetCore", "Utilities\FileActor\FileActor.AspNetCore\FileActor.AspNetCore.csproj", "{24E85E48-067C-44A7-9A71-EB55E17172F7}"
EndProject
Project("{2150E333-8FDC-42A3-9474-1A3956D46DE8}") = "FileActor", "FileActor", "{3D434A82-4BE4-46EA-9EDB-E0E585BBE440}"
EndProject
Project("{2150E333-8FDC-42A3-9474-1A3956D46DE8}") = "Tests", "Tests", "{F2222B88-967A-485B-A760-B35ED50EF6B6}"
EndProject
Project("{9A19103F-16F7-4668-BE54-9A1E7A4F7556}") = "FileActor.Tests", "Utilities\FileActor\Tests\FileActor.Tests\FileActor.Tests.csproj", "{605D665C-7B42-4807-BD1B-11EA9B5449E6}"
EndProject
Project("{2150E333-8FDC-42A3-9474-1A3956D46DE8}") = "Admin", "Admin", "{350F04C1-84D0-4173-8174-9EB77731B659}"
EndProject
Project("{9A19103F-16F7-4668-BE54-9A1E7A4F7556}") = "Admin.Web", "Apps\Admin\Admin.Web\Admin.Web.csproj", "{5E5EC622-4E76-4B5C-94E8-119715313C92}"
EndProject
Project("{9A19103F-16F7-4668-BE54-9A1E7A4F7556}") = "Admin.Application", "Apps\Admin\Admin.Application\Admin.Application.csproj", "{AA018139-C324-4614-9675-485D7EA9245C}"
EndProject
Project("{9A19103F-16F7-4668-BE54-9A1E7A4F7556}") = "Admin.Infrastructure", "Apps\Admin\Admin.Infrastructure\Admin.Infrastructure.csproj", "{EBAAC2BA-82FF-4B4C-ADA7-B4EB5AD9F6E1}"
EndProject
Project("{2150E333-8FDC-42A3-9474-1A3956D46DE8}") = "Tests", "Tests", "{FC7979CA-B014-4F5B-9068-045F9386DDA5}"
EndProject
Project("{9A19103F-16F7-4668-BE54-9A1E7A4F7556}") = "Admin.Infrastructure.Tests", "Apps\Admin\Tests\Admin.Infrastructure.Tests\Admin.Infrastructure.Tests.csproj", "{741F39E1-F1DF-4C8C-9508-79FB34A5D3DF}"
EndProject
Project("{9A19103F-16F7-4668-BE54-9A1E7A4F7556}") = "Admin.Web.Tests", "Apps\Admin\Tests\Admin.Web.Tests\Admin.Web.Tests.csproj", "{52581977-DF29-4DEB-B2B6-27610BC6F004}"
EndProject
Project("{2150E333-8FDC-42A3-9474-1A3956D46DE8}") = "BuildingBlocks", "BuildingBlocks", "{695CF61B-5FDA-4894-9A80-9AE546D93CFA}"
EndProject
Project("{FAE04EC0-301F-11D3-BF4B-00C04F79EFBC}") = "Common.ServiceDiscovery", "BuildingBlocks\Common.ServiceDiscovery\Common.ServiceDiscovery.csproj", "{B528C346-69E2-4A6F-B783-F0F6DD254A38}"
EndProject
Project("{FAE04EC0-301F-11D3-BF4B-00C04F79EFBC}") = "Common.Logging", "BuildingBlocks\Common.Logging\Common.Logging.csproj", "{D6ABDD6B-D301-4B65-ACEE-1BAAD7950049}"
EndProject
Global
	GlobalSection(SolutionConfigurationPlatforms) = preSolution
		Debug|Any CPU = Debug|Any CPU
		Release|Any CPU = Release|Any CPU
	EndGlobalSection
	GlobalSection(ProjectConfigurationPlatforms) = postSolution
		{EDC904A6-850C-425A-A608-9B855211AF1F}.Debug|Any CPU.ActiveCfg = Debug|Any CPU
		{EDC904A6-850C-425A-A608-9B855211AF1F}.Debug|Any CPU.Build.0 = Debug|Any CPU
		{EDC904A6-850C-425A-A608-9B855211AF1F}.Release|Any CPU.ActiveCfg = Release|Any CPU
		{EDC904A6-850C-425A-A608-9B855211AF1F}.Release|Any CPU.Build.0 = Release|Any CPU
		{F2CE38CC-35B6-407F-8C24-5A227AE2CE05}.Debug|Any CPU.ActiveCfg = Debug|Any CPU
		{F2CE38CC-35B6-407F-8C24-5A227AE2CE05}.Debug|Any CPU.Build.0 = Debug|Any CPU
		{F2CE38CC-35B6-407F-8C24-5A227AE2CE05}.Release|Any CPU.ActiveCfg = Release|Any CPU
		{F2CE38CC-35B6-407F-8C24-5A227AE2CE05}.Release|Any CPU.Build.0 = Release|Any CPU
		{6506C4DC-F864-4808-B7FC-8355EFA9059A}.Debug|Any CPU.ActiveCfg = Debug|Any CPU
		{6506C4DC-F864-4808-B7FC-8355EFA9059A}.Debug|Any CPU.Build.0 = Debug|Any CPU
		{6506C4DC-F864-4808-B7FC-8355EFA9059A}.Release|Any CPU.ActiveCfg = Release|Any CPU
		{6506C4DC-F864-4808-B7FC-8355EFA9059A}.Release|Any CPU.Build.0 = Release|Any CPU
		{A703AE17-568C-4486-87F6-2F0130377698}.Debug|Any CPU.ActiveCfg = Debug|Any CPU
		{A703AE17-568C-4486-87F6-2F0130377698}.Debug|Any CPU.Build.0 = Debug|Any CPU
		{A703AE17-568C-4486-87F6-2F0130377698}.Release|Any CPU.ActiveCfg = Release|Any CPU
		{A703AE17-568C-4486-87F6-2F0130377698}.Release|Any CPU.Build.0 = Release|Any CPU
		{31AFA60B-821D-4F62-ABC5-A38DF8CB4292}.Debug|Any CPU.ActiveCfg = Debug|Any CPU
		{31AFA60B-821D-4F62-ABC5-A38DF8CB4292}.Debug|Any CPU.Build.0 = Debug|Any CPU
		{31AFA60B-821D-4F62-ABC5-A38DF8CB4292}.Release|Any CPU.ActiveCfg = Release|Any CPU
		{31AFA60B-821D-4F62-ABC5-A38DF8CB4292}.Release|Any CPU.Build.0 = Release|Any CPU
		{D892E427-824C-4AE3-9901-9BC1B4C6D2B6}.Debug|Any CPU.ActiveCfg = Debug|Any CPU
		{D892E427-824C-4AE3-9901-9BC1B4C6D2B6}.Debug|Any CPU.Build.0 = Debug|Any CPU
		{D892E427-824C-4AE3-9901-9BC1B4C6D2B6}.Release|Any CPU.ActiveCfg = Release|Any CPU
		{D892E427-824C-4AE3-9901-9BC1B4C6D2B6}.Release|Any CPU.Build.0 = Release|Any CPU
		{9A15C178-3F55-41B0-8BA8-1594A4EB3BDF}.Debug|Any CPU.ActiveCfg = Debug|Any CPU
		{9A15C178-3F55-41B0-8BA8-1594A4EB3BDF}.Debug|Any CPU.Build.0 = Debug|Any CPU
		{9A15C178-3F55-41B0-8BA8-1594A4EB3BDF}.Release|Any CPU.ActiveCfg = Release|Any CPU
		{9A15C178-3F55-41B0-8BA8-1594A4EB3BDF}.Release|Any CPU.Build.0 = Release|Any CPU
		{A5A4FC76-654F-428A-97C1-E516D56BBECA}.Debug|Any CPU.ActiveCfg = Debug|Any CPU
		{A5A4FC76-654F-428A-97C1-E516D56BBECA}.Debug|Any CPU.Build.0 = Debug|Any CPU
		{A5A4FC76-654F-428A-97C1-E516D56BBECA}.Release|Any CPU.ActiveCfg = Release|Any CPU
		{A5A4FC76-654F-428A-97C1-E516D56BBECA}.Release|Any CPU.Build.0 = Release|Any CPU
		{3AB38D02-CE55-482C-AACF-21AE85BD25EC}.Debug|Any CPU.ActiveCfg = Debug|Any CPU
		{3AB38D02-CE55-482C-AACF-21AE85BD25EC}.Debug|Any CPU.Build.0 = Debug|Any CPU
		{3AB38D02-CE55-482C-AACF-21AE85BD25EC}.Release|Any CPU.ActiveCfg = Release|Any CPU
		{3AB38D02-CE55-482C-AACF-21AE85BD25EC}.Release|Any CPU.Build.0 = Release|Any CPU
		{0E5FB746-6031-42CE-992E-39D57DF2C064}.Debug|Any CPU.ActiveCfg = Debug|Any CPU
		{0E5FB746-6031-42CE-992E-39D57DF2C064}.Debug|Any CPU.Build.0 = Debug|Any CPU
		{0E5FB746-6031-42CE-992E-39D57DF2C064}.Release|Any CPU.ActiveCfg = Release|Any CPU
		{0E5FB746-6031-42CE-992E-39D57DF2C064}.Release|Any CPU.Build.0 = Release|Any CPU
		{11DA6933-4A83-4DD3-AF22-13A9351EFEB1}.Debug|Any CPU.ActiveCfg = Debug|Any CPU
		{11DA6933-4A83-4DD3-AF22-13A9351EFEB1}.Debug|Any CPU.Build.0 = Debug|Any CPU
		{11DA6933-4A83-4DD3-AF22-13A9351EFEB1}.Release|Any CPU.ActiveCfg = Release|Any CPU
		{11DA6933-4A83-4DD3-AF22-13A9351EFEB1}.Release|Any CPU.Build.0 = Release|Any CPU
		{E1C8074A-5CA6-4D4B-B752-C90BE08100F3}.Debug|Any CPU.ActiveCfg = Debug|Any CPU
		{E1C8074A-5CA6-4D4B-B752-C90BE08100F3}.Debug|Any CPU.Build.0 = Debug|Any CPU
		{E1C8074A-5CA6-4D4B-B752-C90BE08100F3}.Release|Any CPU.ActiveCfg = Release|Any CPU
		{E1C8074A-5CA6-4D4B-B752-C90BE08100F3}.Release|Any CPU.Build.0 = Release|Any CPU
		{7C5F90C8-B1C1-4DFB-9551-7F84DEDDF056}.Debug|Any CPU.ActiveCfg = Debug|Any CPU
		{7C5F90C8-B1C1-4DFB-9551-7F84DEDDF056}.Debug|Any CPU.Build.0 = Debug|Any CPU
		{7C5F90C8-B1C1-4DFB-9551-7F84DEDDF056}.Release|Any CPU.ActiveCfg = Release|Any CPU
		{7C5F90C8-B1C1-4DFB-9551-7F84DEDDF056}.Release|Any CPU.Build.0 = Release|Any CPU
		{DACAED64-28DA-4D15-B6FD-3487D28A247E}.Debug|Any CPU.ActiveCfg = Debug|Any CPU
		{DACAED64-28DA-4D15-B6FD-3487D28A247E}.Debug|Any CPU.Build.0 = Debug|Any CPU
		{DACAED64-28DA-4D15-B6FD-3487D28A247E}.Release|Any CPU.ActiveCfg = Release|Any CPU
		{DACAED64-28DA-4D15-B6FD-3487D28A247E}.Release|Any CPU.Build.0 = Release|Any CPU
		{D0B80BCF-34A8-4DA8-9969-4F4AD8380895}.Debug|Any CPU.ActiveCfg = Debug|Any CPU
		{D0B80BCF-34A8-4DA8-9969-4F4AD8380895}.Debug|Any CPU.Build.0 = Debug|Any CPU
		{D0B80BCF-34A8-4DA8-9969-4F4AD8380895}.Release|Any CPU.ActiveCfg = Release|Any CPU
		{D0B80BCF-34A8-4DA8-9969-4F4AD8380895}.Release|Any CPU.Build.0 = Release|Any CPU
		{C6F50850-093B-4DEC-9F94-44913D35D888}.Debug|Any CPU.ActiveCfg = Debug|Any CPU
		{C6F50850-093B-4DEC-9F94-44913D35D888}.Debug|Any CPU.Build.0 = Debug|Any CPU
		{C6F50850-093B-4DEC-9F94-44913D35D888}.Release|Any CPU.ActiveCfg = Release|Any CPU
		{C6F50850-093B-4DEC-9F94-44913D35D888}.Release|Any CPU.Build.0 = Release|Any CPU
		{3DAECC18-9449-4805-A8C5-23182B50E014}.Debug|Any CPU.ActiveCfg = Debug|Any CPU
		{3DAECC18-9449-4805-A8C5-23182B50E014}.Debug|Any CPU.Build.0 = Debug|Any CPU
		{3DAECC18-9449-4805-A8C5-23182B50E014}.Release|Any CPU.ActiveCfg = Release|Any CPU
		{3DAECC18-9449-4805-A8C5-23182B50E014}.Release|Any CPU.Build.0 = Release|Any CPU
		{231D8166-7873-4AA6-BCAE-287161DF601B}.Debug|Any CPU.ActiveCfg = Debug|Any CPU
		{231D8166-7873-4AA6-BCAE-287161DF601B}.Debug|Any CPU.Build.0 = Debug|Any CPU
		{231D8166-7873-4AA6-BCAE-287161DF601B}.Release|Any CPU.ActiveCfg = Release|Any CPU
		{231D8166-7873-4AA6-BCAE-287161DF601B}.Release|Any CPU.Build.0 = Release|Any CPU
		{D29DE75E-DED4-4D51-9091-F15C039B9691}.Debug|Any CPU.ActiveCfg = Debug|Any CPU
		{D29DE75E-DED4-4D51-9091-F15C039B9691}.Debug|Any CPU.Build.0 = Debug|Any CPU
		{D29DE75E-DED4-4D51-9091-F15C039B9691}.Release|Any CPU.ActiveCfg = Release|Any CPU
		{D29DE75E-DED4-4D51-9091-F15C039B9691}.Release|Any CPU.Build.0 = Release|Any CPU
		{3F5A4B65-F710-435B-B8B2-A51502E8368F}.Debug|Any CPU.ActiveCfg = Debug|Any CPU
		{3F5A4B65-F710-435B-B8B2-A51502E8368F}.Debug|Any CPU.Build.0 = Debug|Any CPU
		{3F5A4B65-F710-435B-B8B2-A51502E8368F}.Release|Any CPU.ActiveCfg = Release|Any CPU
		{3F5A4B65-F710-435B-B8B2-A51502E8368F}.Release|Any CPU.Build.0 = Release|Any CPU
		{24964332-5C67-43D5-9C8C-9A595ED9E235}.Debug|Any CPU.ActiveCfg = Debug|Any CPU
		{24964332-5C67-43D5-9C8C-9A595ED9E235}.Debug|Any CPU.Build.0 = Debug|Any CPU
		{24964332-5C67-43D5-9C8C-9A595ED9E235}.Release|Any CPU.ActiveCfg = Release|Any CPU
		{24964332-5C67-43D5-9C8C-9A595ED9E235}.Release|Any CPU.Build.0 = Release|Any CPU
		{95D8B4FF-5148-4C88-B5B7-25B7C9D17C59}.Debug|Any CPU.ActiveCfg = Debug|Any CPU
		{95D8B4FF-5148-4C88-B5B7-25B7C9D17C59}.Debug|Any CPU.Build.0 = Debug|Any CPU
		{95D8B4FF-5148-4C88-B5B7-25B7C9D17C59}.Release|Any CPU.ActiveCfg = Release|Any CPU
		{95D8B4FF-5148-4C88-B5B7-25B7C9D17C59}.Release|Any CPU.Build.0 = Release|Any CPU
		{3E2AFEE7-AFFE-42A4-B0CF-482F71F54F02}.Debug|Any CPU.ActiveCfg = Debug|Any CPU
		{3E2AFEE7-AFFE-42A4-B0CF-482F71F54F02}.Debug|Any CPU.Build.0 = Debug|Any CPU
		{3E2AFEE7-AFFE-42A4-B0CF-482F71F54F02}.Release|Any CPU.ActiveCfg = Release|Any CPU
		{3E2AFEE7-AFFE-42A4-B0CF-482F71F54F02}.Release|Any CPU.Build.0 = Release|Any CPU
		{835BE9C4-65D1-46E5-B3B1-89C86163EF5F}.Debug|Any CPU.ActiveCfg = Debug|Any CPU
		{835BE9C4-65D1-46E5-B3B1-89C86163EF5F}.Debug|Any CPU.Build.0 = Debug|Any CPU
		{835BE9C4-65D1-46E5-B3B1-89C86163EF5F}.Release|Any CPU.ActiveCfg = Release|Any CPU
		{835BE9C4-65D1-46E5-B3B1-89C86163EF5F}.Release|Any CPU.Build.0 = Release|Any CPU
		{BD609223-DE8B-4440-887A-1CD181AB76DD}.Debug|Any CPU.ActiveCfg = Debug|Any CPU
		{BD609223-DE8B-4440-887A-1CD181AB76DD}.Debug|Any CPU.Build.0 = Debug|Any CPU
		{BD609223-DE8B-4440-887A-1CD181AB76DD}.Release|Any CPU.ActiveCfg = Release|Any CPU
		{BD609223-DE8B-4440-887A-1CD181AB76DD}.Release|Any CPU.Build.0 = Release|Any CPU
		{729F5CCD-A483-4F3A-A5F0-9C0C698CBD71}.Debug|Any CPU.ActiveCfg = Debug|Any CPU
		{729F5CCD-A483-4F3A-A5F0-9C0C698CBD71}.Debug|Any CPU.Build.0 = Debug|Any CPU
		{729F5CCD-A483-4F3A-A5F0-9C0C698CBD71}.Release|Any CPU.ActiveCfg = Release|Any CPU
		{729F5CCD-A483-4F3A-A5F0-9C0C698CBD71}.Release|Any CPU.Build.0 = Release|Any CPU
		{C89ECE79-DE78-4C2C-A484-ED00E0022E0A}.Debug|Any CPU.ActiveCfg = Debug|Any CPU
		{C89ECE79-DE78-4C2C-A484-ED00E0022E0A}.Debug|Any CPU.Build.0 = Debug|Any CPU
		{C89ECE79-DE78-4C2C-A484-ED00E0022E0A}.Release|Any CPU.ActiveCfg = Release|Any CPU
		{C89ECE79-DE78-4C2C-A484-ED00E0022E0A}.Release|Any CPU.Build.0 = Release|Any CPU
		{7FE44179-2311-4318-9E55-085F60103294}.Debug|Any CPU.ActiveCfg = Debug|Any CPU
		{7FE44179-2311-4318-9E55-085F60103294}.Debug|Any CPU.Build.0 = Debug|Any CPU
		{7FE44179-2311-4318-9E55-085F60103294}.Release|Any CPU.ActiveCfg = Release|Any CPU
		{7FE44179-2311-4318-9E55-085F60103294}.Release|Any CPU.Build.0 = Release|Any CPU
		{CA6FE23C-0DA8-458D-9E98-A9CFCB1C354B}.Debug|Any CPU.ActiveCfg = Debug|Any CPU
		{CA6FE23C-0DA8-458D-9E98-A9CFCB1C354B}.Debug|Any CPU.Build.0 = Debug|Any CPU
		{CA6FE23C-0DA8-458D-9E98-A9CFCB1C354B}.Release|Any CPU.ActiveCfg = Release|Any CPU
		{CA6FE23C-0DA8-458D-9E98-A9CFCB1C354B}.Release|Any CPU.Build.0 = Release|Any CPU
		{7E096568-5CCF-4F3E-AC77-48966B5D9577}.Debug|Any CPU.ActiveCfg = Debug|Any CPU
		{7E096568-5CCF-4F3E-AC77-48966B5D9577}.Debug|Any CPU.Build.0 = Debug|Any CPU
		{7E096568-5CCF-4F3E-AC77-48966B5D9577}.Release|Any CPU.ActiveCfg = Release|Any CPU
		{7E096568-5CCF-4F3E-AC77-48966B5D9577}.Release|Any CPU.Build.0 = Release|Any CPU
		{3F7D35F7-5CAF-4BB4-9AA4-818A1A954DFF}.Debug|Any CPU.ActiveCfg = Debug|Any CPU
		{3F7D35F7-5CAF-4BB4-9AA4-818A1A954DFF}.Debug|Any CPU.Build.0 = Debug|Any CPU
		{3F7D35F7-5CAF-4BB4-9AA4-818A1A954DFF}.Release|Any CPU.ActiveCfg = Release|Any CPU
		{3F7D35F7-5CAF-4BB4-9AA4-818A1A954DFF}.Release|Any CPU.Build.0 = Release|Any CPU
		{A88A2116-5EFF-47C5-9CA8-5C4018EB4B06}.Debug|Any CPU.ActiveCfg = Debug|Any CPU
		{A88A2116-5EFF-47C5-9CA8-5C4018EB4B06}.Debug|Any CPU.Build.0 = Debug|Any CPU
		{A88A2116-5EFF-47C5-9CA8-5C4018EB4B06}.Release|Any CPU.ActiveCfg = Release|Any CPU
		{A88A2116-5EFF-47C5-9CA8-5C4018EB4B06}.Release|Any CPU.Build.0 = Release|Any CPU
		{CFB3393A-2F39-4993-9A50-05320660C4AA}.Debug|Any CPU.ActiveCfg = Debug|Any CPU
		{CFB3393A-2F39-4993-9A50-05320660C4AA}.Debug|Any CPU.Build.0 = Debug|Any CPU
		{CFB3393A-2F39-4993-9A50-05320660C4AA}.Release|Any CPU.ActiveCfg = Release|Any CPU
		{CFB3393A-2F39-4993-9A50-05320660C4AA}.Release|Any CPU.Build.0 = Release|Any CPU
		{A0FDC5C0-CD52-441A-B459-985911BD5203}.Debug|Any CPU.ActiveCfg = Debug|Any CPU
		{A0FDC5C0-CD52-441A-B459-985911BD5203}.Debug|Any CPU.Build.0 = Debug|Any CPU
		{A0FDC5C0-CD52-441A-B459-985911BD5203}.Release|Any CPU.ActiveCfg = Release|Any CPU
		{A0FDC5C0-CD52-441A-B459-985911BD5203}.Release|Any CPU.Build.0 = Release|Any CPU
		{26365222-1F73-4674-AEB6-036E08E148EA}.Debug|Any CPU.ActiveCfg = Debug|Any CPU
		{26365222-1F73-4674-AEB6-036E08E148EA}.Debug|Any CPU.Build.0 = Debug|Any CPU
		{26365222-1F73-4674-AEB6-036E08E148EA}.Release|Any CPU.ActiveCfg = Release|Any CPU
		{26365222-1F73-4674-AEB6-036E08E148EA}.Release|Any CPU.Build.0 = Release|Any CPU
		{27FD81DA-F067-454D-BAB7-34A542508AE0}.Debug|Any CPU.ActiveCfg = Debug|Any CPU
		{27FD81DA-F067-454D-BAB7-34A542508AE0}.Debug|Any CPU.Build.0 = Debug|Any CPU
		{27FD81DA-F067-454D-BAB7-34A542508AE0}.Release|Any CPU.ActiveCfg = Release|Any CPU
		{27FD81DA-F067-454D-BAB7-34A542508AE0}.Release|Any CPU.Build.0 = Release|Any CPU
		{375901B1-9C84-458B-9430-550EA5FDF86A}.Debug|Any CPU.ActiveCfg = Debug|Any CPU
		{375901B1-9C84-458B-9430-550EA5FDF86A}.Debug|Any CPU.Build.0 = Debug|Any CPU
		{375901B1-9C84-458B-9430-550EA5FDF86A}.Release|Any CPU.ActiveCfg = Release|Any CPU
		{375901B1-9C84-458B-9430-550EA5FDF86A}.Release|Any CPU.Build.0 = Release|Any CPU
		{C117A9D0-CFF2-4624-A7E3-B4A4A862F63D}.Debug|Any CPU.ActiveCfg = Debug|Any CPU
		{C117A9D0-CFF2-4624-A7E3-B4A4A862F63D}.Debug|Any CPU.Build.0 = Debug|Any CPU
		{C117A9D0-CFF2-4624-A7E3-B4A4A862F63D}.Release|Any CPU.ActiveCfg = Release|Any CPU
		{C117A9D0-CFF2-4624-A7E3-B4A4A862F63D}.Release|Any CPU.Build.0 = Release|Any CPU
		{223F4081-8485-49E3-AA6B-34ED03BAE180}.Debug|Any CPU.ActiveCfg = Debug|Any CPU
		{223F4081-8485-49E3-AA6B-34ED03BAE180}.Debug|Any CPU.Build.0 = Debug|Any CPU
		{223F4081-8485-49E3-AA6B-34ED03BAE180}.Release|Any CPU.ActiveCfg = Release|Any CPU
		{223F4081-8485-49E3-AA6B-34ED03BAE180}.Release|Any CPU.Build.0 = Release|Any CPU
		{60EDA7ED-93D9-4C43-995F-85CCDADB91B5}.Debug|Any CPU.ActiveCfg = Debug|Any CPU
		{60EDA7ED-93D9-4C43-995F-85CCDADB91B5}.Debug|Any CPU.Build.0 = Debug|Any CPU
		{60EDA7ED-93D9-4C43-995F-85CCDADB91B5}.Release|Any CPU.ActiveCfg = Release|Any CPU
		{60EDA7ED-93D9-4C43-995F-85CCDADB91B5}.Release|Any CPU.Build.0 = Release|Any CPU
		{D5CB69DE-A5DE-4302-A48E-2F28DB00DF96}.Debug|Any CPU.ActiveCfg = Debug|Any CPU
		{D5CB69DE-A5DE-4302-A48E-2F28DB00DF96}.Debug|Any CPU.Build.0 = Debug|Any CPU
		{D5CB69DE-A5DE-4302-A48E-2F28DB00DF96}.Release|Any CPU.ActiveCfg = Release|Any CPU
		{D5CB69DE-A5DE-4302-A48E-2F28DB00DF96}.Release|Any CPU.Build.0 = Release|Any CPU
		{D89DEAFC-0DC7-4075-9A55-04A86B1665B4}.Debug|Any CPU.ActiveCfg = Debug|Any CPU
		{D89DEAFC-0DC7-4075-9A55-04A86B1665B4}.Debug|Any CPU.Build.0 = Debug|Any CPU
		{D89DEAFC-0DC7-4075-9A55-04A86B1665B4}.Release|Any CPU.ActiveCfg = Release|Any CPU
		{D89DEAFC-0DC7-4075-9A55-04A86B1665B4}.Release|Any CPU.Build.0 = Release|Any CPU
		{CC32FFCC-CC3A-4B4E-98E4-577DF904A0F5}.Debug|Any CPU.ActiveCfg = Debug|Any CPU
		{CC32FFCC-CC3A-4B4E-98E4-577DF904A0F5}.Debug|Any CPU.Build.0 = Debug|Any CPU
		{CC32FFCC-CC3A-4B4E-98E4-577DF904A0F5}.Release|Any CPU.ActiveCfg = Release|Any CPU
		{CC32FFCC-CC3A-4B4E-98E4-577DF904A0F5}.Release|Any CPU.Build.0 = Release|Any CPU
		{B6E99827-DE0E-42A4-95A5-12101C207014}.Debug|Any CPU.ActiveCfg = Debug|Any CPU
		{B6E99827-DE0E-42A4-95A5-12101C207014}.Debug|Any CPU.Build.0 = Debug|Any CPU
		{B6E99827-DE0E-42A4-95A5-12101C207014}.Release|Any CPU.ActiveCfg = Release|Any CPU
		{B6E99827-DE0E-42A4-95A5-12101C207014}.Release|Any CPU.Build.0 = Release|Any CPU
		{C1F4B793-B8E4-4642-8BE4-7347517B6D52}.Debug|Any CPU.ActiveCfg = Debug|Any CPU
		{C1F4B793-B8E4-4642-8BE4-7347517B6D52}.Debug|Any CPU.Build.0 = Debug|Any CPU
		{C1F4B793-B8E4-4642-8BE4-7347517B6D52}.Release|Any CPU.ActiveCfg = Release|Any CPU
		{C1F4B793-B8E4-4642-8BE4-7347517B6D52}.Release|Any CPU.Build.0 = Release|Any CPU
		{084BD7B7-C812-4C0F-8BDD-56DD87419D29}.Debug|Any CPU.ActiveCfg = Debug|Any CPU
		{084BD7B7-C812-4C0F-8BDD-56DD87419D29}.Debug|Any CPU.Build.0 = Debug|Any CPU
		{084BD7B7-C812-4C0F-8BDD-56DD87419D29}.Release|Any CPU.ActiveCfg = Release|Any CPU
		{084BD7B7-C812-4C0F-8BDD-56DD87419D29}.Release|Any CPU.Build.0 = Release|Any CPU
		{24E85E48-067C-44A7-9A71-EB55E17172F7}.Debug|Any CPU.ActiveCfg = Debug|Any CPU
		{24E85E48-067C-44A7-9A71-EB55E17172F7}.Debug|Any CPU.Build.0 = Debug|Any CPU
		{24E85E48-067C-44A7-9A71-EB55E17172F7}.Release|Any CPU.ActiveCfg = Release|Any CPU
		{24E85E48-067C-44A7-9A71-EB55E17172F7}.Release|Any CPU.Build.0 = Release|Any CPU
		{605D665C-7B42-4807-BD1B-11EA9B5449E6}.Debug|Any CPU.ActiveCfg = Debug|Any CPU
		{605D665C-7B42-4807-BD1B-11EA9B5449E6}.Debug|Any CPU.Build.0 = Debug|Any CPU
		{605D665C-7B42-4807-BD1B-11EA9B5449E6}.Release|Any CPU.ActiveCfg = Release|Any CPU
		{605D665C-7B42-4807-BD1B-11EA9B5449E6}.Release|Any CPU.Build.0 = Release|Any CPU
		{5E5EC622-4E76-4B5C-94E8-119715313C92}.Debug|Any CPU.ActiveCfg = Debug|Any CPU
		{5E5EC622-4E76-4B5C-94E8-119715313C92}.Debug|Any CPU.Build.0 = Debug|Any CPU
		{5E5EC622-4E76-4B5C-94E8-119715313C92}.Release|Any CPU.ActiveCfg = Release|Any CPU
		{5E5EC622-4E76-4B5C-94E8-119715313C92}.Release|Any CPU.Build.0 = Release|Any CPU
		{AA018139-C324-4614-9675-485D7EA9245C}.Debug|Any CPU.ActiveCfg = Debug|Any CPU
		{AA018139-C324-4614-9675-485D7EA9245C}.Debug|Any CPU.Build.0 = Debug|Any CPU
		{AA018139-C324-4614-9675-485D7EA9245C}.Release|Any CPU.ActiveCfg = Release|Any CPU
		{AA018139-C324-4614-9675-485D7EA9245C}.Release|Any CPU.Build.0 = Release|Any CPU
		{EBAAC2BA-82FF-4B4C-ADA7-B4EB5AD9F6E1}.Debug|Any CPU.ActiveCfg = Debug|Any CPU
		{EBAAC2BA-82FF-4B4C-ADA7-B4EB5AD9F6E1}.Debug|Any CPU.Build.0 = Debug|Any CPU
		{EBAAC2BA-82FF-4B4C-ADA7-B4EB5AD9F6E1}.Release|Any CPU.ActiveCfg = Release|Any CPU
		{EBAAC2BA-82FF-4B4C-ADA7-B4EB5AD9F6E1}.Release|Any CPU.Build.0 = Release|Any CPU
		{741F39E1-F1DF-4C8C-9508-79FB34A5D3DF}.Debug|Any CPU.ActiveCfg = Debug|Any CPU
		{741F39E1-F1DF-4C8C-9508-79FB34A5D3DF}.Debug|Any CPU.Build.0 = Debug|Any CPU
		{741F39E1-F1DF-4C8C-9508-79FB34A5D3DF}.Release|Any CPU.ActiveCfg = Release|Any CPU
		{741F39E1-F1DF-4C8C-9508-79FB34A5D3DF}.Release|Any CPU.Build.0 = Release|Any CPU
		{52581977-DF29-4DEB-B2B6-27610BC6F004}.Debug|Any CPU.ActiveCfg = Debug|Any CPU
		{52581977-DF29-4DEB-B2B6-27610BC6F004}.Debug|Any CPU.Build.0 = Debug|Any CPU
		{52581977-DF29-4DEB-B2B6-27610BC6F004}.Release|Any CPU.ActiveCfg = Release|Any CPU
		{52581977-DF29-4DEB-B2B6-27610BC6F004}.Release|Any CPU.Build.0 = Release|Any CPU
		{B528C346-69E2-4A6F-B783-F0F6DD254A38}.Debug|Any CPU.ActiveCfg = Debug|Any CPU
		{B528C346-69E2-4A6F-B783-F0F6DD254A38}.Debug|Any CPU.Build.0 = Debug|Any CPU
		{B528C346-69E2-4A6F-B783-F0F6DD254A38}.Release|Any CPU.ActiveCfg = Release|Any CPU
		{B528C346-69E2-4A6F-B783-F0F6DD254A38}.Release|Any CPU.Build.0 = Release|Any CPU
		{D6ABDD6B-D301-4B65-ACEE-1BAAD7950049}.Debug|Any CPU.ActiveCfg = Debug|Any CPU
		{D6ABDD6B-D301-4B65-ACEE-1BAAD7950049}.Debug|Any CPU.Build.0 = Debug|Any CPU
		{D6ABDD6B-D301-4B65-ACEE-1BAAD7950049}.Release|Any CPU.ActiveCfg = Release|Any CPU
		{D6ABDD6B-D301-4B65-ACEE-1BAAD7950049}.Release|Any CPU.Build.0 = Release|Any CPU
	EndGlobalSection
	GlobalSection(SolutionProperties) = preSolution
		HideSolutionNode = FALSE
	EndGlobalSection
	GlobalSection(NestedProjects) = preSolution
		{34B21438-B804-46B3-9605-B910ACF2D7C7} = {DA55BBB7-5A59-4C39-86B5-B2B23E2CCE1F}
		{367617CD-1AD7-429C-BD5F-7EC37BEC176F} = {DA55BBB7-5A59-4C39-86B5-B2B23E2CCE1F}
		{C32107CA-BC2C-4C67-B109-65C5C0985590} = {DA55BBB7-5A59-4C39-86B5-B2B23E2CCE1F}
		{17E1B76A-6DB4-4FEC-B883-7FA8820D2BA3} = {DA55BBB7-5A59-4C39-86B5-B2B23E2CCE1F}
		{5A306E62-02A4-42FA-B78B-C7FD7A58B44F} = {DA55BBB7-5A59-4C39-86B5-B2B23E2CCE1F}
		{EDC904A6-850C-425A-A608-9B855211AF1F} = {17E1B76A-6DB4-4FEC-B883-7FA8820D2BA3}
		{F2CE38CC-35B6-407F-8C24-5A227AE2CE05} = {17E1B76A-6DB4-4FEC-B883-7FA8820D2BA3}
		{6506C4DC-F864-4808-B7FC-8355EFA9059A} = {17E1B76A-6DB4-4FEC-B883-7FA8820D2BA3}
		{A703AE17-568C-4486-87F6-2F0130377698} = {17E1B76A-6DB4-4FEC-B883-7FA8820D2BA3}
		{31AFA60B-821D-4F62-ABC5-A38DF8CB4292} = {34B21438-B804-46B3-9605-B910ACF2D7C7}
		{D892E427-824C-4AE3-9901-9BC1B4C6D2B6} = {34B21438-B804-46B3-9605-B910ACF2D7C7}
		{9A15C178-3F55-41B0-8BA8-1594A4EB3BDF} = {34B21438-B804-46B3-9605-B910ACF2D7C7}
		{A5A4FC76-654F-428A-97C1-E516D56BBECA} = {34B21438-B804-46B3-9605-B910ACF2D7C7}
		{3AB38D02-CE55-482C-AACF-21AE85BD25EC} = {5A306E62-02A4-42FA-B78B-C7FD7A58B44F}
		{0E5FB746-6031-42CE-992E-39D57DF2C064} = {5A306E62-02A4-42FA-B78B-C7FD7A58B44F}
		{11DA6933-4A83-4DD3-AF22-13A9351EFEB1} = {5A306E62-02A4-42FA-B78B-C7FD7A58B44F}
		{E1C8074A-5CA6-4D4B-B752-C90BE08100F3} = {5A306E62-02A4-42FA-B78B-C7FD7A58B44F}
		{DC2B2E7C-B540-4EED-B09E-18B78B5F51A3} = {34B21438-B804-46B3-9605-B910ACF2D7C7}
		{7C5F90C8-B1C1-4DFB-9551-7F84DEDDF056} = {DC2B2E7C-B540-4EED-B09E-18B78B5F51A3}
		{DACAED64-28DA-4D15-B6FD-3487D28A247E} = {DC2B2E7C-B540-4EED-B09E-18B78B5F51A3}
		{AAD1C748-89C6-435C-A8D1-CA120DD878F0} = {17E1B76A-6DB4-4FEC-B883-7FA8820D2BA3}
		{D0B80BCF-34A8-4DA8-9969-4F4AD8380895} = {AAD1C748-89C6-435C-A8D1-CA120DD878F0}
		{C6F50850-093B-4DEC-9F94-44913D35D888} = {DA55BBB7-5A59-4C39-86B5-B2B23E2CCE1F}
		{24A6FFEF-A4C9-430B-A6E5-8A47B16976BD} = {5A306E62-02A4-42FA-B78B-C7FD7A58B44F}
		{3DAECC18-9449-4805-A8C5-23182B50E014} = {24A6FFEF-A4C9-430B-A6E5-8A47B16976BD}
		{231D8166-7873-4AA6-BCAE-287161DF601B} = {C32107CA-BC2C-4C67-B109-65C5C0985590}
		{D29DE75E-DED4-4D51-9091-F15C039B9691} = {C32107CA-BC2C-4C67-B109-65C5C0985590}
		{3F5A4B65-F710-435B-B8B2-A51502E8368F} = {C32107CA-BC2C-4C67-B109-65C5C0985590}
		{24964332-5C67-43D5-9C8C-9A595ED9E235} = {C32107CA-BC2C-4C67-B109-65C5C0985590}
		{1C197461-4AE9-4BD4-862D-DA7BE4C715BB} = {C32107CA-BC2C-4C67-B109-65C5C0985590}
		{95D8B4FF-5148-4C88-B5B7-25B7C9D17C59} = {1C197461-4AE9-4BD4-862D-DA7BE4C715BB}
		{3E2AFEE7-AFFE-42A4-B0CF-482F71F54F02} = {367617CD-1AD7-429C-BD5F-7EC37BEC176F}
		{835BE9C4-65D1-46E5-B3B1-89C86163EF5F} = {367617CD-1AD7-429C-BD5F-7EC37BEC176F}
		{BD609223-DE8B-4440-887A-1CD181AB76DD} = {367617CD-1AD7-429C-BD5F-7EC37BEC176F}
		{729F5CCD-A483-4F3A-A5F0-9C0C698CBD71} = {367617CD-1AD7-429C-BD5F-7EC37BEC176F}
		{DCA2F60D-0B25-4BBE-9A58-2D2BF633CC3E} = {367617CD-1AD7-429C-BD5F-7EC37BEC176F}
		{9FB3DB9F-05D9-4B3C-AC53-F934D09EC856} = {DA55BBB7-5A59-4C39-86B5-B2B23E2CCE1F}
		{C89ECE79-DE78-4C2C-A484-ED00E0022E0A} = {9FB3DB9F-05D9-4B3C-AC53-F934D09EC856}
		{19E3BEF6-19EB-4B68-8B5B-E077FA6A8525} = {9FB3DB9F-05D9-4B3C-AC53-F934D09EC856}
		{7FE44179-2311-4318-9E55-085F60103294} = {19E3BEF6-19EB-4B68-8B5B-E077FA6A8525}
		{CA6FE23C-0DA8-458D-9E98-A9CFCB1C354B} = {1C197461-4AE9-4BD4-862D-DA7BE4C715BB}
		{7E096568-5CCF-4F3E-AC77-48966B5D9577} = {24A6FFEF-A4C9-430B-A6E5-8A47B16976BD}
		{3F7D35F7-5CAF-4BB4-9AA4-818A1A954DFF} = {AAD1C748-89C6-435C-A8D1-CA120DD878F0}
		{A88A2116-5EFF-47C5-9CA8-5C4018EB4B06} = {DCA2F60D-0B25-4BBE-9A58-2D2BF633CC3E}
		{CFB3393A-2F39-4993-9A50-05320660C4AA} = {DCA2F60D-0B25-4BBE-9A58-2D2BF633CC3E}
		{72F7EC50-88E6-439C-AFD3-5EDAEA508EF1} = {DA55BBB7-5A59-4C39-86B5-B2B23E2CCE1F}
		{C2B307FE-8C95-4736-8FA6-022FFA8A000B} = {DA55BBB7-5A59-4C39-86B5-B2B23E2CCE1F}
		{A0FDC5C0-CD52-441A-B459-985911BD5203} = {72F7EC50-88E6-439C-AFD3-5EDAEA508EF1}
		{26365222-1F73-4674-AEB6-036E08E148EA} = {C2B307FE-8C95-4736-8FA6-022FFA8A000B}
		{27FD81DA-F067-454D-BAB7-34A542508AE0} = {C2B307FE-8C95-4736-8FA6-022FFA8A000B}
		{375901B1-9C84-458B-9430-550EA5FDF86A} = {C2B307FE-8C95-4736-8FA6-022FFA8A000B}
		{C117A9D0-CFF2-4624-A7E3-B4A4A862F63D} = {C2B307FE-8C95-4736-8FA6-022FFA8A000B}
		{223F4081-8485-49E3-AA6B-34ED03BAE180} = {94BA1EF8-CFCE-4D7C-84D5-2D74ECEADD42}
		{0083F973-4DDE-4B42-B025-8823C808C2AE} = {94BA1EF8-CFCE-4D7C-84D5-2D74ECEADD42}
		{D5CB69DE-A5DE-4302-A48E-2F28DB00DF96} = {0083F973-4DDE-4B42-B025-8823C808C2AE}
		{D89DEAFC-0DC7-4075-9A55-04A86B1665B4} = {94BA1EF8-CFCE-4D7C-84D5-2D74ECEADD42}
		{CC32FFCC-CC3A-4B4E-98E4-577DF904A0F5} = {F7CE3553-82A9-4328-BF2C-5E587D036F21}
		{B6E99827-DE0E-42A4-95A5-12101C207014} = {F7CE3553-82A9-4328-BF2C-5E587D036F21}
		{C1F4B793-B8E4-4642-8BE4-7347517B6D52} = {F7CE3553-82A9-4328-BF2C-5E587D036F21}
		{F7CE3553-82A9-4328-BF2C-5E587D036F21} = {AEB5FA90-C63A-4712-BEC5-7849DBBC870B}
		{084BD7B7-C812-4C0F-8BDD-56DD87419D29} = {3D434A82-4BE4-46EA-9EDB-E0E585BBE440}
		{24E85E48-067C-44A7-9A71-EB55E17172F7} = {3D434A82-4BE4-46EA-9EDB-E0E585BBE440}
		{3D434A82-4BE4-46EA-9EDB-E0E585BBE440} = {3997F694-BC78-429E-AD3B-CBAD4974613A}
		{F2222B88-967A-485B-A760-B35ED50EF6B6} = {3D434A82-4BE4-46EA-9EDB-E0E585BBE440}
		{605D665C-7B42-4807-BD1B-11EA9B5449E6} = {F2222B88-967A-485B-A760-B35ED50EF6B6}
		{350F04C1-84D0-4173-8174-9EB77731B659} = {AEB5FA90-C63A-4712-BEC5-7849DBBC870B}
		{5E5EC622-4E76-4B5C-94E8-119715313C92} = {350F04C1-84D0-4173-8174-9EB77731B659}
		{AA018139-C324-4614-9675-485D7EA9245C} = {350F04C1-84D0-4173-8174-9EB77731B659}
		{EBAAC2BA-82FF-4B4C-ADA7-B4EB5AD9F6E1} = {350F04C1-84D0-4173-8174-9EB77731B659}
		{FC7979CA-B014-4F5B-9068-045F9386DDA5} = {350F04C1-84D0-4173-8174-9EB77731B659}
		{741F39E1-F1DF-4C8C-9508-79FB34A5D3DF} = {FC7979CA-B014-4F5B-9068-045F9386DDA5}
		{52581977-DF29-4DEB-B2B6-27610BC6F004} = {FC7979CA-B014-4F5B-9068-045F9386DDA5}
		{B528C346-69E2-4A6F-B783-F0F6DD254A38} = {695CF61B-5FDA-4894-9A80-9AE546D93CFA}
		{D6ABDD6B-D301-4B65-ACEE-1BAAD7950049} = {695CF61B-5FDA-4894-9A80-9AE546D93CFA}
	EndGlobalSection
	GlobalSection(ExtensibilityGlobals) = postSolution
		SolutionGuid = {023C9E36-AA4A-4EDB-9342-0D4EA0D67A66}
	EndGlobalSection
EndGlobal
