
Microsoft Visual Studio Solution File, Format Version 12.00
# Visual Studio Version 17
VisualStudioVersion = 17.0.32126.317
MinimumVisualStudioVersion = 10.0.40219.1
Project("{2150E333-8FDC-42A3-9474-1A3956D46DE8}") = "Services", "Services", "{DA55BBB7-5A59-4C39-86B5-B2B23E2CCE1F}"
EndProject
Project("{2150E333-8FDC-42A3-9474-1A3956D46DE8}") = "Product", "Product", "{34B21438-B804-46B3-9605-B910ACF2D7C7}"
EndProject
Project("{2150E333-8FDC-42A3-9474-1A3956D46DE8}") = "Order", "Order", "{367617CD-1AD7-429C-BD5F-7EC37BEC176F}"
EndProject
Project("{2150E333-8FDC-42A3-9474-1A3956D46DE8}") = "UI", "UI", "{C32107CA-BC2C-4C67-B109-65C5C0985590}"
EndProject
Project("{2150E333-8FDC-42A3-9474-1A3956D46DE8}") = "Discount", "Discount", "{17E1B76A-6DB4-4FEC-B883-7FA8820D2BA3}"
EndProject
Project("{2150E333-8FDC-42A3-9474-1A3956D46DE8}") = "Inventory", "Inventory", "{5A306E62-02A4-42FA-B78B-C7FD7A58B44F}"
EndProject
Project("{9A19103F-16F7-4668-BE54-9A1E7A4F7556}") = "Discount.API", "Services\Discount\Discount.API\Discount.API.csproj", "{EDC904A6-850C-425A-A608-9B855211AF1F}"
EndProject
Project("{9A19103F-16F7-4668-BE54-9A1E7A4F7556}") = "Discount.Domain", "Services\Discount\Discount.Domain\Discount.Domain.csproj", "{F2CE38CC-35B6-407F-8C24-5A227AE2CE05}"
EndProject
Project("{9A19103F-16F7-4668-BE54-9A1E7A4F7556}") = "Discount.Application", "Services\Discount\Discount.Application\Discount.Application.csproj", "{6506C4DC-F864-4808-B7FC-8355EFA9059A}"
EndProject
Project("{9A19103F-16F7-4668-BE54-9A1E7A4F7556}") = "Discount.Infrastructure", "Services\Discount\Discount.Infrastructure\Discount.Infrastructure.csproj", "{A703AE17-568C-4486-87F6-2F0130377698}"
EndProject
Project("{9A19103F-16F7-4668-BE54-9A1E7A4F7556}") = "Product.API", "Services\Product\Product.API\Product.API.csproj", "{31AFA60B-821D-4F62-ABC5-A38DF8CB4292}"
EndProject
Project("{9A19103F-16F7-4668-BE54-9A1E7A4F7556}") = "Product.Application", "Services\Product\Product.Application\Product.Application.csproj", "{D892E427-824C-4AE3-9901-9BC1B4C6D2B6}"
EndProject
Project("{9A19103F-16F7-4668-BE54-9A1E7A4F7556}") = "Product.Domain", "Services\Product\Product.Domain\Product.Domain.csproj", "{9A15C178-3F55-41B0-8BA8-1594A4EB3BDF}"
EndProject
Project("{9A19103F-16F7-4668-BE54-9A1E7A4F7556}") = "Product.Infrastructure", "Services\Product\Product.Infrastructure\Product.Infrastructure.csproj", "{A5A4FC76-654F-428A-97C1-E516D56BBECA}"
EndProject
Project("{9A19103F-16F7-4668-BE54-9A1E7A4F7556}") = "Inventory.Application", "Services\Inventory\Inventory.Application\Inventory.Application.csproj", "{3AB38D02-CE55-482C-AACF-21AE85BD25EC}"
EndProject
Project("{9A19103F-16F7-4668-BE54-9A1E7A4F7556}") = "Inventory.Domain", "Services\Inventory\Inventory.Domain\Inventory.Domain.csproj", "{0E5FB746-6031-42CE-992E-39D57DF2C064}"
EndProject
Project("{9A19103F-16F7-4668-BE54-9A1E7A4F7556}") = "Inventory.Infrastructure", "Services\Inventory\Inventory.Infrastructure\Inventory.Infrastructure.csproj", "{11DA6933-4A83-4DD3-AF22-13A9351EFEB1}"
EndProject
Project("{9A19103F-16F7-4668-BE54-9A1E7A4F7556}") = "Inventory.API", "Services\Inventory\Inventory.API\Inventory.API.csproj", "{E1C8074A-5CA6-4D4B-B752-C90BE08100F3}"
EndProject
Project("{2150E333-8FDC-42A3-9474-1A3956D46DE8}") = "Tests", "Tests", "{DC2B2E7C-B540-4EED-B09E-18B78B5F51A3}"
EndProject
Project("{FAE04EC0-301F-11D3-BF4B-00C04F79EFBC}") = "Product.API.Tests", "Serivces\Product\Tests\Product.API.Tests\Product.API.Tests.csproj", "{7C5F90C8-B1C1-4DFB-9551-7F84DEDDF056}"
EndProject
Global
	GlobalSection(SolutionConfigurationPlatforms) = preSolution
		Debug|Any CPU = Debug|Any CPU
		Release|Any CPU = Release|Any CPU
	EndGlobalSection
	GlobalSection(ProjectConfigurationPlatforms) = postSolution
		{EDC904A6-850C-425A-A608-9B855211AF1F}.Debug|Any CPU.ActiveCfg = Debug|Any CPU
		{EDC904A6-850C-425A-A608-9B855211AF1F}.Debug|Any CPU.Build.0 = Debug|Any CPU
		{EDC904A6-850C-425A-A608-9B855211AF1F}.Release|Any CPU.ActiveCfg = Release|Any CPU
		{EDC904A6-850C-425A-A608-9B855211AF1F}.Release|Any CPU.Build.0 = Release|Any CPU
		{F2CE38CC-35B6-407F-8C24-5A227AE2CE05}.Debug|Any CPU.ActiveCfg = Debug|Any CPU
		{F2CE38CC-35B6-407F-8C24-5A227AE2CE05}.Debug|Any CPU.Build.0 = Debug|Any CPU
		{F2CE38CC-35B6-407F-8C24-5A227AE2CE05}.Release|Any CPU.ActiveCfg = Release|Any CPU
		{F2CE38CC-35B6-407F-8C24-5A227AE2CE05}.Release|Any CPU.Build.0 = Release|Any CPU
		{6506C4DC-F864-4808-B7FC-8355EFA9059A}.Debug|Any CPU.ActiveCfg = Debug|Any CPU
		{6506C4DC-F864-4808-B7FC-8355EFA9059A}.Debug|Any CPU.Build.0 = Debug|Any CPU
		{6506C4DC-F864-4808-B7FC-8355EFA9059A}.Release|Any CPU.ActiveCfg = Release|Any CPU
		{6506C4DC-F864-4808-B7FC-8355EFA9059A}.Release|Any CPU.Build.0 = Release|Any CPU
		{A703AE17-568C-4486-87F6-2F0130377698}.Debug|Any CPU.ActiveCfg = Debug|Any CPU
		{A703AE17-568C-4486-87F6-2F0130377698}.Debug|Any CPU.Build.0 = Debug|Any CPU
		{A703AE17-568C-4486-87F6-2F0130377698}.Release|Any CPU.ActiveCfg = Release|Any CPU
		{A703AE17-568C-4486-87F6-2F0130377698}.Release|Any CPU.Build.0 = Release|Any CPU
		{31AFA60B-821D-4F62-ABC5-A38DF8CB4292}.Debug|Any CPU.ActiveCfg = Debug|Any CPU
		{31AFA60B-821D-4F62-ABC5-A38DF8CB4292}.Debug|Any CPU.Build.0 = Debug|Any CPU
		{31AFA60B-821D-4F62-ABC5-A38DF8CB4292}.Release|Any CPU.ActiveCfg = Release|Any CPU
		{31AFA60B-821D-4F62-ABC5-A38DF8CB4292}.Release|Any CPU.Build.0 = Release|Any CPU
		{D892E427-824C-4AE3-9901-9BC1B4C6D2B6}.Debug|Any CPU.ActiveCfg = Debug|Any CPU
		{D892E427-824C-4AE3-9901-9BC1B4C6D2B6}.Debug|Any CPU.Build.0 = Debug|Any CPU
		{D892E427-824C-4AE3-9901-9BC1B4C6D2B6}.Release|Any CPU.ActiveCfg = Release|Any CPU
		{D892E427-824C-4AE3-9901-9BC1B4C6D2B6}.Release|Any CPU.Build.0 = Release|Any CPU
		{9A15C178-3F55-41B0-8BA8-1594A4EB3BDF}.Debug|Any CPU.ActiveCfg = Debug|Any CPU
		{9A15C178-3F55-41B0-8BA8-1594A4EB3BDF}.Debug|Any CPU.Build.0 = Debug|Any CPU
		{9A15C178-3F55-41B0-8BA8-1594A4EB3BDF}.Release|Any CPU.ActiveCfg = Release|Any CPU
		{9A15C178-3F55-41B0-8BA8-1594A4EB3BDF}.Release|Any CPU.Build.0 = Release|Any CPU
		{A5A4FC76-654F-428A-97C1-E516D56BBECA}.Debug|Any CPU.ActiveCfg = Debug|Any CPU
		{A5A4FC76-654F-428A-97C1-E516D56BBECA}.Debug|Any CPU.Build.0 = Debug|Any CPU
		{A5A4FC76-654F-428A-97C1-E516D56BBECA}.Release|Any CPU.ActiveCfg = Release|Any CPU
		{A5A4FC76-654F-428A-97C1-E516D56BBECA}.Release|Any CPU.Build.0 = Release|Any CPU
		{3AB38D02-CE55-482C-AACF-21AE85BD25EC}.Debug|Any CPU.ActiveCfg = Debug|Any CPU
		{3AB38D02-CE55-482C-AACF-21AE85BD25EC}.Debug|Any CPU.Build.0 = Debug|Any CPU
		{3AB38D02-CE55-482C-AACF-21AE85BD25EC}.Release|Any CPU.ActiveCfg = Release|Any CPU
		{3AB38D02-CE55-482C-AACF-21AE85BD25EC}.Release|Any CPU.Build.0 = Release|Any CPU
		{0E5FB746-6031-42CE-992E-39D57DF2C064}.Debug|Any CPU.ActiveCfg = Debug|Any CPU
		{0E5FB746-6031-42CE-992E-39D57DF2C064}.Debug|Any CPU.Build.0 = Debug|Any CPU
		{0E5FB746-6031-42CE-992E-39D57DF2C064}.Release|Any CPU.ActiveCfg = Release|Any CPU
		{0E5FB746-6031-42CE-992E-39D57DF2C064}.Release|Any CPU.Build.0 = Release|Any CPU
		{11DA6933-4A83-4DD3-AF22-13A9351EFEB1}.Debug|Any CPU.ActiveCfg = Debug|Any CPU
		{11DA6933-4A83-4DD3-AF22-13A9351EFEB1}.Debug|Any CPU.Build.0 = Debug|Any CPU
		{11DA6933-4A83-4DD3-AF22-13A9351EFEB1}.Release|Any CPU.ActiveCfg = Release|Any CPU
		{11DA6933-4A83-4DD3-AF22-13A9351EFEB1}.Release|Any CPU.Build.0 = Release|Any CPU
		{E1C8074A-5CA6-4D4B-B752-C90BE08100F3}.Debug|Any CPU.ActiveCfg = Debug|Any CPU
		{E1C8074A-5CA6-4D4B-B752-C90BE08100F3}.Debug|Any CPU.Build.0 = Debug|Any CPU
		{E1C8074A-5CA6-4D4B-B752-C90BE08100F3}.Release|Any CPU.ActiveCfg = Release|Any CPU
		{E1C8074A-5CA6-4D4B-B752-C90BE08100F3}.Release|Any CPU.Build.0 = Release|Any CPU
		{7C5F90C8-B1C1-4DFB-9551-7F84DEDDF056}.Debug|Any CPU.ActiveCfg = Debug|Any CPU
		{7C5F90C8-B1C1-4DFB-9551-7F84DEDDF056}.Debug|Any CPU.Build.0 = Debug|Any CPU
		{7C5F90C8-B1C1-4DFB-9551-7F84DEDDF056}.Release|Any CPU.ActiveCfg = Release|Any CPU
		{7C5F90C8-B1C1-4DFB-9551-7F84DEDDF056}.Release|Any CPU.Build.0 = Release|Any CPU
	EndGlobalSection
	GlobalSection(SolutionProperties) = preSolution
		HideSolutionNode = FALSE
	EndGlobalSection
	GlobalSection(NestedProjects) = preSolution
		{34B21438-B804-46B3-9605-B910ACF2D7C7} = {DA55BBB7-5A59-4C39-86B5-B2B23E2CCE1F}
		{367617CD-1AD7-429C-BD5F-7EC37BEC176F} = {DA55BBB7-5A59-4C39-86B5-B2B23E2CCE1F}
		{C32107CA-BC2C-4C67-B109-65C5C0985590} = {DA55BBB7-5A59-4C39-86B5-B2B23E2CCE1F}
		{17E1B76A-6DB4-4FEC-B883-7FA8820D2BA3} = {DA55BBB7-5A59-4C39-86B5-B2B23E2CCE1F}
		{5A306E62-02A4-42FA-B78B-C7FD7A58B44F} = {DA55BBB7-5A59-4C39-86B5-B2B23E2CCE1F}
		{EDC904A6-850C-425A-A608-9B855211AF1F} = {17E1B76A-6DB4-4FEC-B883-7FA8820D2BA3}
		{F2CE38CC-35B6-407F-8C24-5A227AE2CE05} = {17E1B76A-6DB4-4FEC-B883-7FA8820D2BA3}
		{6506C4DC-F864-4808-B7FC-8355EFA9059A} = {17E1B76A-6DB4-4FEC-B883-7FA8820D2BA3}
		{A703AE17-568C-4486-87F6-2F0130377698} = {17E1B76A-6DB4-4FEC-B883-7FA8820D2BA3}
		{31AFA60B-821D-4F62-ABC5-A38DF8CB4292} = {34B21438-B804-46B3-9605-B910ACF2D7C7}
		{D892E427-824C-4AE3-9901-9BC1B4C6D2B6} = {34B21438-B804-46B3-9605-B910ACF2D7C7}
		{9A15C178-3F55-41B0-8BA8-1594A4EB3BDF} = {34B21438-B804-46B3-9605-B910ACF2D7C7}
		{A5A4FC76-654F-428A-97C1-E516D56BBECA} = {34B21438-B804-46B3-9605-B910ACF2D7C7}
		{3AB38D02-CE55-482C-AACF-21AE85BD25EC} = {5A306E62-02A4-42FA-B78B-C7FD7A58B44F}
		{0E5FB746-6031-42CE-992E-39D57DF2C064} = {5A306E62-02A4-42FA-B78B-C7FD7A58B44F}
		{11DA6933-4A83-4DD3-AF22-13A9351EFEB1} = {5A306E62-02A4-42FA-B78B-C7FD7A58B44F}
		{E1C8074A-5CA6-4D4B-B752-C90BE08100F3} = {5A306E62-02A4-42FA-B78B-C7FD7A58B44F}
		{DC2B2E7C-B540-4EED-B09E-18B78B5F51A3} = {34B21438-B804-46B3-9605-B910ACF2D7C7}
		{7C5F90C8-B1C1-4DFB-9551-7F84DEDDF056} = {DC2B2E7C-B540-4EED-B09E-18B78B5F51A3}
	EndGlobalSection
	GlobalSection(ExtensibilityGlobals) = postSolution
		SolutionGuid = {023C9E36-AA4A-4EDB-9342-0D4EA0D67A66}
	EndGlobalSection
EndGlobal
